
Microsoft Visual Studio Solution File, Format Version 12.00
# Visual Studio Version 16
VisualStudioVersion = 16.0.29411.108
MinimumVisualStudioVersion = 10.0.40219.1
Project("{FAE04EC0-301F-11D3-BF4B-00C04F79EFBC}") = "MyKeyboard", "MyKeyboard\MyKeyboard.csproj", "{072E7B26-DE4C-4ECB-AD47-46E0657F79EB}"
EndProject
Project("{FAE04EC0-301F-11D3-BF4B-00C04F79EFBC}") = "WpfApp1", "WpfApp1\WpfApp1.csproj", "{15BAC67C-8978-44F2-8D49-94EBC01C4E5E}"
EndProject
Global
	GlobalSection(SolutionConfigurationPlatforms) = preSolution
		Debug|Any CPU = Debug|Any CPU
		Release|Any CPU = Release|Any CPU
	EndGlobalSection
	GlobalSection(ProjectConfigurationPlatforms) = postSolution
		{072E7B26-DE4C-4ECB-AD47-46E0657F79EB}.Debug|Any CPU.ActiveCfg = Debug|Any CPU
		{072E7B26-DE4C-4ECB-AD47-46E0657F79EB}.Debug|Any CPU.Build.0 = Debug|Any CPU
		{072E7B26-DE4C-4ECB-AD47-46E0657F79EB}.Release|Any CPU.ActiveCfg = Release|Any CPU
		{072E7B26-DE4C-4ECB-AD47-46E0657F79EB}.Release|Any CPU.Build.0 = Release|Any CPU
		{15BAC67C-8978-44F2-8D49-94EBC01C4E5E}.Debug|Any CPU.ActiveCfg = Debug|Any CPU
		{15BAC67C-8978-44F2-8D49-94EBC01C4E5E}.Debug|Any CPU.Build.0 = Debug|Any CPU
		{15BAC67C-8978-44F2-8D49-94EBC01C4E5E}.Release|Any CPU.ActiveCfg = Release|Any CPU
		{15BAC67C-8978-44F2-8D49-94EBC01C4E5E}.Release|Any CPU.Build.0 = Release|Any CPU
	EndGlobalSection
	GlobalSection(SolutionProperties) = preSolution
		HideSolutionNode = FALSE
	EndGlobalSection
	GlobalSection(ExtensibilityGlobals) = postSolution
		SolutionGuid = {8038A7F8-6F13-422E-AA34-4EC4FC813D53}
	EndGlobalSection
EndGlobal
